
Microsoft Visual Studio Solution File, Format Version 12.00
# Visual Studio Version 17
VisualStudioVersion = 17.12.35707.178 d17.12
MinimumVisualStudioVersion = 10.0.40219.1
Project("{FAE04EC0-301F-11D3-BF4B-00C04F79EFBC}") = "MessageProcessingSystemAPI", "MessageProcessingSystemAPI\MessageProcessingSystemAPI.csproj", "{6B99620B-48B7-4C55-8D77-7453AC138AF0}"
EndProject
Project("{FAE04EC0-301F-11D3-BF4B-00C04F79EFBC}") = "MessageProcessingSystemProcessor", "MessageProcessingSystemProcessor\MessageProcessingSystemProcessor.csproj", "{F99CBBCE-9239-4CD2-BB77-5CDF916F2EC1}"
EndProject
Project("{FAE04EC0-301F-11D3-BF4B-00C04F79EFBC}") = "Shared", "Shared\Shared.csproj", "{57B24048-BABA-42E3-B043-80E225FB8244}"
EndProject
Project("{2150E333-8FDC-42A3-9474-1A3956D46DE8}") = "Solution Items", "Solution Items", "{2439D04B-E628-455F-A636-EC668A22529C}"
	ProjectSection(SolutionItems) = preProject
		README.md = README.md
	EndProjectSection
EndProject
Global
	GlobalSection(SolutionConfigurationPlatforms) = preSolution
		Debug|Any CPU = Debug|Any CPU
		Release|Any CPU = Release|Any CPU
	EndGlobalSection
	GlobalSection(ProjectConfigurationPlatforms) = postSolution
		{6B99620B-48B7-4C55-8D77-7453AC138AF0}.Debug|Any CPU.ActiveCfg = Debug|Any CPU
		{6B99620B-48B7-4C55-8D77-7453AC138AF0}.Debug|Any CPU.Build.0 = Debug|Any CPU
		{6B99620B-48B7-4C55-8D77-7453AC138AF0}.Release|Any CPU.ActiveCfg = Release|Any CPU
		{6B99620B-48B7-4C55-8D77-7453AC138AF0}.Release|Any CPU.Build.0 = Release|Any CPU
		{F99CBBCE-9239-4CD2-BB77-5CDF916F2EC1}.Debug|Any CPU.ActiveCfg = Debug|Any CPU
		{F99CBBCE-9239-4CD2-BB77-5CDF916F2EC1}.Debug|Any CPU.Build.0 = Debug|Any CPU
		{F99CBBCE-9239-4CD2-BB77-5CDF916F2EC1}.Release|Any CPU.ActiveCfg = Release|Any CPU
		{F99CBBCE-9239-4CD2-BB77-5CDF916F2EC1}.Release|Any CPU.Build.0 = Release|Any CPU
		{57B24048-BABA-42E3-B043-80E225FB8244}.Debug|Any CPU.ActiveCfg = Debug|Any CPU
		{57B24048-BABA-42E3-B043-80E225FB8244}.Debug|Any CPU.Build.0 = Debug|Any CPU
		{57B24048-BABA-42E3-B043-80E225FB8244}.Release|Any CPU.ActiveCfg = Release|Any CPU
		{57B24048-BABA-42E3-B043-80E225FB8244}.Release|Any CPU.Build.0 = Release|Any CPU
	EndGlobalSection
	GlobalSection(SolutionProperties) = preSolution
		HideSolutionNode = FALSE
	EndGlobalSection
EndGlobal
